
Microsoft Visual Studio Solution File, Format Version 12.00
# Visual Studio 15
VisualStudioVersion = 15.0.27130.2027
MinimumVisualStudioVersion = 10.0.40219.1
Project("{FAE04EC0-301F-11D3-BF4B-00C04F79EFBC}") = "ContosoWeb", "ContosoWeb\ContosoWeb.csproj", "{D0CFD351-22D4-42DA-95E6-5E41B7F0A78C}"
EndProject
Project("{FAE04EC0-301F-11D3-BF4B-00C04F79EFBC}") = "ContosoWeb.Tests", "ContosoWeb.Tests\ContosoWeb.Tests.csproj", "{2EC3DCA0-F82B-47CD-A47E-15ECB237A57F}"
EndProject
Project("{FAE04EC0-301F-11D3-BF4B-00C04F79EFBC}") = "Contoso.Data", "Contoso.Data\Contoso.Data.csproj", "{C282D588-3F05-4BA0-B4F8-390A58393022}"
EndProject
Project("{FAE04EC0-301F-11D3-BF4B-00C04F79EFBC}") = "Contoso.Model", "Contoso.Models\Contoso.Model.csproj", "{D5F2E713-53CF-4AA2-8D2B-F18E2626FA64}"
EndProject
Project("{FAE04EC0-301F-11D3-BF4B-00C04F79EFBC}") = "Contoso.Utility", "Contoso.Utility\Contoso.Utility.csproj", "{1DA77844-0DFA-45F0-8383-6D767C007CE4}"
EndProject
Project("{FAE04EC0-301F-11D3-BF4B-00C04F79EFBC}") = "Contoso.Service", "Contoso.Service\Contoso.Service.csproj", "{3AADA3B2-6089-49B1-96EB-3718EA84C871}"
EndProject
Project("{FAE04EC0-301F-11D3-BF4B-00C04F79EFBC}") = "ContosoAPI", "ContosoAPI\ContosoAPI.csproj", "{DC8A5110-F891-478B-A496-88F3D88F4CE1}"
EndProject
Global
	GlobalSection(SolutionConfigurationPlatforms) = preSolution
		Debug|Any CPU = Debug|Any CPU
		Release|Any CPU = Release|Any CPU
	EndGlobalSection
	GlobalSection(ProjectConfigurationPlatforms) = postSolution
		{D0CFD351-22D4-42DA-95E6-5E41B7F0A78C}.Debug|Any CPU.ActiveCfg = Debug|Any CPU
		{D0CFD351-22D4-42DA-95E6-5E41B7F0A78C}.Debug|Any CPU.Build.0 = Debug|Any CPU
		{D0CFD351-22D4-42DA-95E6-5E41B7F0A78C}.Release|Any CPU.ActiveCfg = Release|Any CPU
		{D0CFD351-22D4-42DA-95E6-5E41B7F0A78C}.Release|Any CPU.Build.0 = Release|Any CPU
		{2EC3DCA0-F82B-47CD-A47E-15ECB237A57F}.Debug|Any CPU.ActiveCfg = Debug|Any CPU
		{2EC3DCA0-F82B-47CD-A47E-15ECB237A57F}.Debug|Any CPU.Build.0 = Debug|Any CPU
		{2EC3DCA0-F82B-47CD-A47E-15ECB237A57F}.Release|Any CPU.ActiveCfg = Release|Any CPU
		{2EC3DCA0-F82B-47CD-A47E-15ECB237A57F}.Release|Any CPU.Build.0 = Release|Any CPU
		{C282D588-3F05-4BA0-B4F8-390A58393022}.Debug|Any CPU.ActiveCfg = Debug|Any CPU
		{C282D588-3F05-4BA0-B4F8-390A58393022}.Debug|Any CPU.Build.0 = Debug|Any CPU
		{C282D588-3F05-4BA0-B4F8-390A58393022}.Release|Any CPU.ActiveCfg = Release|Any CPU
		{C282D588-3F05-4BA0-B4F8-390A58393022}.Release|Any CPU.Build.0 = Release|Any CPU
		{D5F2E713-53CF-4AA2-8D2B-F18E2626FA64}.Debug|Any CPU.ActiveCfg = Debug|Any CPU
		{D5F2E713-53CF-4AA2-8D2B-F18E2626FA64}.Debug|Any CPU.Build.0 = Debug|Any CPU
		{D5F2E713-53CF-4AA2-8D2B-F18E2626FA64}.Release|Any CPU.ActiveCfg = Release|Any CPU
		{D5F2E713-53CF-4AA2-8D2B-F18E2626FA64}.Release|Any CPU.Build.0 = Release|Any CPU
		{1DA77844-0DFA-45F0-8383-6D767C007CE4}.Debug|Any CPU.ActiveCfg = Debug|Any CPU
		{1DA77844-0DFA-45F0-8383-6D767C007CE4}.Debug|Any CPU.Build.0 = Debug|Any CPU
		{1DA77844-0DFA-45F0-8383-6D767C007CE4}.Release|Any CPU.ActiveCfg = Release|Any CPU
		{1DA77844-0DFA-45F0-8383-6D767C007CE4}.Release|Any CPU.Build.0 = Release|Any CPU
		{3AADA3B2-6089-49B1-96EB-3718EA84C871}.Debug|Any CPU.ActiveCfg = Debug|Any CPU
		{3AADA3B2-6089-49B1-96EB-3718EA84C871}.Debug|Any CPU.Build.0 = Debug|Any CPU
		{3AADA3B2-6089-49B1-96EB-3718EA84C871}.Release|Any CPU.ActiveCfg = Release|Any CPU
		{3AADA3B2-6089-49B1-96EB-3718EA84C871}.Release|Any CPU.Build.0 = Release|Any CPU
		{DC8A5110-F891-478B-A496-88F3D88F4CE1}.Debug|Any CPU.ActiveCfg = Debug|Any CPU
		{DC8A5110-F891-478B-A496-88F3D88F4CE1}.Debug|Any CPU.Build.0 = Debug|Any CPU
		{DC8A5110-F891-478B-A496-88F3D88F4CE1}.Release|Any CPU.ActiveCfg = Release|Any CPU
		{DC8A5110-F891-478B-A496-88F3D88F4CE1}.Release|Any CPU.Build.0 = Release|Any CPU
	EndGlobalSection
	GlobalSection(SolutionProperties) = preSolution
		HideSolutionNode = FALSE
	EndGlobalSection
	GlobalSection(ExtensibilityGlobals) = postSolution
		SolutionGuid = {BCBCEAB9-26F7-443B-960C-33471FD7B0F5}
	EndGlobalSection
EndGlobal
